
Microsoft Visual Studio Solution File, Format Version 12.00
# Visual Studio Version 17
VisualStudioVersion = 17.5.33516.290
MinimumVisualStudioVersion = 10.0.40219.1
Project("{FAE04EC0-301F-11D3-BF4B-00C04F79EFBC}") = "DoNoHarm", "DoNoHarm\DoNoHarm.csproj", "{1D46FC2E-44EE-4BCB-A82E-3461FDFB7B6C}"
EndProject
Global
	GlobalSection(SolutionConfigurationPlatforms) = preSolution
		Debug|Any CPU = Debug|Any CPU
		Release|Any CPU = Release|Any CPU
	EndGlobalSection
	GlobalSection(ProjectConfigurationPlatforms) = postSolution
		{1D46FC2E-44EE-4BCB-A82E-3461FDFB7B6C}.Debug|Any CPU.ActiveCfg = Debug|Any CPU
		{1D46FC2E-44EE-4BCB-A82E-3461FDFB7B6C}.Debug|Any CPU.Build.0 = Debug|Any CPU
		{1D46FC2E-44EE-4BCB-A82E-3461FDFB7B6C}.Release|Any CPU.ActiveCfg = Release|Any CPU
		{1D46FC2E-44EE-4BCB-A82E-3461FDFB7B6C}.Release|Any CPU.Build.0 = Release|Any CPU
	EndGlobalSection
	GlobalSection(SolutionProperties) = preSolution
		HideSolutionNode = FALSE
	EndGlobalSection
	GlobalSection(ExtensibilityGlobals) = postSolution
		SolutionGuid = {9081B850-5FB3-4F34-BDE8-D8E62E58C3BF}
	EndGlobalSection
EndGlobal
